
Microsoft Visual Studio Solution File, Format Version 12.00
# Visual Studio Version 16
VisualStudioVersion = 16.0.31402.337
MinimumVisualStudioVersion = 10.0.40219.1
Project("{8BC9CEB8-8B4A-11D0-8D11-00A0C91BC942}") = "SDLTank", "SDLTank.vcxproj", "{ED240A35-E28F-4D75-813E-D9797A8DCFF8}"
EndProject
Global
	GlobalSection(SolutionConfigurationPlatforms) = preSolution
		Debug|x64 = Debug|x64
		Debug|x86 = Debug|x86
		Release|x64 = Release|x64
		Release|x86 = Release|x86
	EndGlobalSection
	GlobalSection(ProjectConfigurationPlatforms) = postSolution
		{ED240A35-E28F-4D75-813E-D9797A8DCFF8}.Debug|x64.ActiveCfg = Debug|x64
		{ED240A35-E28F-4D75-813E-D9797A8DCFF8}.Debug|x64.Build.0 = Debug|x64
		{ED240A35-E28F-4D75-813E-D9797A8DCFF8}.Debug|x86.ActiveCfg = Debug|Win32
		{ED240A35-E28F-4D75-813E-D9797A8DCFF8}.Debug|x86.Build.0 = Debug|Win32
		{ED240A35-E28F-4D75-813E-D9797A8DCFF8}.Release|x64.ActiveCfg = Release|x64
		{ED240A35-E28F-4D75-813E-D9797A8DCFF8}.Release|x64.Build.0 = Release|x64
		{ED240A35-E28F-4D75-813E-D9797A8DCFF8}.Release|x86.ActiveCfg = Release|Win32
		{ED240A35-E28F-4D75-813E-D9797A8DCFF8}.Release|x86.Build.0 = Release|Win32
	EndGlobalSection
	GlobalSection(SolutionProperties) = preSolution
		HideSolutionNode = FALSE
	EndGlobalSection
	GlobalSection(ExtensibilityGlobals) = postSolution
		SolutionGuid = {D3BC4D0D-544F-4037-89AE-3E655AE5E1C0}
	EndGlobalSection
EndGlobal
